// !$*UTF8*$!
{
	archiveVersion = 1;
	classes = {
	};
	objectVersion = 51;
	objects = {

/* Begin PBXBuildFile section */
		33DAE008B0E21C19EA491A03 /* Pods_ryori_kiroku_album.framework in Frameworks */ = {isa = PBXBuildFile; fileRef = 2CEDA8A9390A28B8E8685A58 /* Pods_ryori_kiroku_album.framework */; };
		744D7BAB2519FC7800A4BAFB /* AppDelegate.swift in Sources */ = {isa = PBXBuildFile; fileRef = 744D7BAA2519FC7800A4BAFB /* AppDelegate.swift */; };
		744D7BAD2519FC7800A4BAFB /* SceneDelegate.swift in Sources */ = {isa = PBXBuildFile; fileRef = 744D7BAC2519FC7800A4BAFB /* SceneDelegate.swift */; };
		744D7BB22519FC7800A4BAFB /* Main.storyboard in Resources */ = {isa = PBXBuildFile; fileRef = 744D7BB02519FC7800A4BAFB /* Main.storyboard */; };
		744D7BB42519FC7B00A4BAFB /* Assets.xcassets in Resources */ = {isa = PBXBuildFile; fileRef = 744D7BB32519FC7B00A4BAFB /* Assets.xcassets */; };
		744D7BB72519FC7B00A4BAFB /* LaunchScreen.storyboard in Resources */ = {isa = PBXBuildFile; fileRef = 744D7BB52519FC7B00A4BAFB /* LaunchScreen.storyboard */; };
		744D7BC1251B115500A4BAFB /* RecipeCell.swift in Sources */ = {isa = PBXBuildFile; fileRef = 744D7BBF251B115500A4BAFB /* RecipeCell.swift */; };
		744D7BC2251B115500A4BAFB /* RecipeCell.xib in Resources */ = {isa = PBXBuildFile; fileRef = 744D7BC0251B115500A4BAFB /* RecipeCell.xib */; };
		744D7BC9251F6C9500A4BAFB /* RecipeListViewController.swift in Sources */ = {isa = PBXBuildFile; fileRef = 744D7BC8251F6C9500A4BAFB /* RecipeListViewController.swift */; };
		744D7BCB2520D69500A4BAFB /* Constants.swift in Sources */ = {isa = PBXBuildFile; fileRef = 744D7BCA2520D69400A4BAFB /* Constants.swift */; };
		744D7BCE2521871500A4BAFB /* RecipeData.swift in Sources */ = {isa = PBXBuildFile; fileRef = 744D7BCD2521871500A4BAFB /* RecipeData.swift */; };
		744D7BD02521E13400A4BAFB /* UIImageViewExtension.swift in Sources */ = {isa = PBXBuildFile; fileRef = 744D7BCF2521E13400A4BAFB /* UIImageViewExtension.swift */; };
/* End PBXBuildFile section */

/* Begin PBXFileReference section */
		06C37EEA4A790FB8A5A26108 /* Pods-ryori-kiroku-album.release.xcconfig */ = {isa = PBXFileReference; includeInIndex = 1; lastKnownFileType = text.xcconfig; name = "Pods-ryori-kiroku-album.release.xcconfig"; path = "Target Support Files/Pods-ryori-kiroku-album/Pods-ryori-kiroku-album.release.xcconfig"; sourceTree = "<group>"; };
		2CEDA8A9390A28B8E8685A58 /* Pods_ryori_kiroku_album.framework */ = {isa = PBXFileReference; explicitFileType = wrapper.framework; includeInIndex = 0; path = Pods_ryori_kiroku_album.framework; sourceTree = BUILT_PRODUCTS_DIR; };
		744D7BA72519FC7800A4BAFB /* ryori-kiroku-album.app */ = {isa = PBXFileReference; explicitFileType = wrapper.application; includeInIndex = 0; path = "ryori-kiroku-album.app"; sourceTree = BUILT_PRODUCTS_DIR; };
		744D7BAA2519FC7800A4BAFB /* AppDelegate.swift */ = {isa = PBXFileReference; lastKnownFileType = sourcecode.swift; path = AppDelegate.swift; sourceTree = "<group>"; };
		744D7BAC2519FC7800A4BAFB /* SceneDelegate.swift */ = {isa = PBXFileReference; lastKnownFileType = sourcecode.swift; path = SceneDelegate.swift; sourceTree = "<group>"; };
		744D7BB12519FC7800A4BAFB /* Base */ = {isa = PBXFileReference; lastKnownFileType = file.storyboard; name = Base; path = Base.lproj/Main.storyboard; sourceTree = "<group>"; };
		744D7BB32519FC7B00A4BAFB /* Assets.xcassets */ = {isa = PBXFileReference; lastKnownFileType = folder.assetcatalog; path = Assets.xcassets; sourceTree = "<group>"; };
		744D7BB62519FC7B00A4BAFB /* Base */ = {isa = PBXFileReference; lastKnownFileType = file.storyboard; name = Base; path = Base.lproj/LaunchScreen.storyboard; sourceTree = "<group>"; };
		744D7BB82519FC7B00A4BAFB /* Info.plist */ = {isa = PBXFileReference; lastKnownFileType = text.plist.xml; path = Info.plist; sourceTree = "<group>"; };
		744D7BBF251B115500A4BAFB /* RecipeCell.swift */ = {isa = PBXFileReference; lastKnownFileType = sourcecode.swift; path = RecipeCell.swift; sourceTree = "<group>"; };
		744D7BC0251B115500A4BAFB /* RecipeCell.xib */ = {isa = PBXFileReference; lastKnownFileType = file.xib; path = RecipeCell.xib; sourceTree = "<group>"; };
		744D7BC8251F6C9500A4BAFB /* RecipeListViewController.swift */ = {isa = PBXFileReference; lastKnownFileType = sourcecode.swift; path = RecipeListViewController.swift; sourceTree = "<group>"; };
		744D7BCA2520D69400A4BAFB /* Constants.swift */ = {isa = PBXFileReference; lastKnownFileType = sourcecode.swift; path = Constants.swift; sourceTree = "<group>"; };
		744D7BCD2521871500A4BAFB /* RecipeData.swift */ = {isa = PBXFileReference; lastKnownFileType = sourcecode.swift; path = RecipeData.swift; sourceTree = "<group>"; };
		744D7BCF2521E13400A4BAFB /* UIImageViewExtension.swift */ = {isa = PBXFileReference; lastKnownFileType = sourcecode.swift; path = UIImageViewExtension.swift; sourceTree = "<group>"; };
		A6943616DF96DB0C42A5FF3F /* Pods-ryori-kiroku-album.debug.xcconfig */ = {isa = PBXFileReference; includeInIndex = 1; lastKnownFileType = text.xcconfig; name = "Pods-ryori-kiroku-album.debug.xcconfig"; path = "Target Support Files/Pods-ryori-kiroku-album/Pods-ryori-kiroku-album.debug.xcconfig"; sourceTree = "<group>"; };
/* End PBXFileReference section */

/* Begin PBXFrameworksBuildPhase section */
		744D7BA42519FC7800A4BAFB /* Frameworks */ = {
			isa = PBXFrameworksBuildPhase;
			buildActionMask = 2147483647;
			files = (
				33DAE008B0E21C19EA491A03 /* Pods_ryori_kiroku_album.framework in Frameworks */,
			);
			runOnlyForDeploymentPostprocessing = 0;
		};
/* End PBXFrameworksBuildPhase section */

/* Begin PBXGroup section */
		1B8B6166BDA6635BEA1BBEB3 /* Frameworks */ = {
			isa = PBXGroup;
			children = (
				2CEDA8A9390A28B8E8685A58 /* Pods_ryori_kiroku_album.framework */,
			);
			name = Frameworks;
			sourceTree = "<group>";
		};
		3DBB329CD6785625DDB88B88 /* Pods */ = {
			isa = PBXGroup;
			children = (
				A6943616DF96DB0C42A5FF3F /* Pods-ryori-kiroku-album.debug.xcconfig */,
				06C37EEA4A790FB8A5A26108 /* Pods-ryori-kiroku-album.release.xcconfig */,
			);
			path = Pods;
			sourceTree = "<group>";
		};
		744D7B9E2519FC7800A4BAFB = {
			isa = PBXGroup;
			children = (
				744D7BA92519FC7800A4BAFB /* ryori-kiroku-album */,
				744D7BA82519FC7800A4BAFB /* Products */,
				3DBB329CD6785625DDB88B88 /* Pods */,
				1B8B6166BDA6635BEA1BBEB3 /* Frameworks */,
			);
			sourceTree = "<group>";
		};
		744D7BA82519FC7800A4BAFB /* Products */ = {
			isa = PBXGroup;
			children = (
				744D7BA72519FC7800A4BAFB /* ryori-kiroku-album.app */,
			);
			name = Products;
			sourceTree = "<group>";
		};
		744D7BA92519FC7800A4BAFB /* ryori-kiroku-album */ = {
			isa = PBXGroup;
			children = (
				744D7BAA2519FC7800A4BAFB /* AppDelegate.swift */,
				744D7BAC2519FC7800A4BAFB /* SceneDelegate.swift */,
				744D7BB02519FC7800A4BAFB /* Main.storyboard */,
				744D7BCC252186BF00A4BAFB /* Model */,
				744D7BBE251B10D900A4BAFB /* View */,
				744D7BC5251F6C1900A4BAFB /* Controllers */,
				744D7BB32519FC7B00A4BAFB /* Assets.xcassets */,
				744D7BB52519FC7B00A4BAFB /* LaunchScreen.storyboard */,
				744D7BB82519FC7B00A4BAFB /* Info.plist */,
				744D7BCA2520D69400A4BAFB /* Constants.swift */,
			);
			path = "ryori-kiroku-album";
			sourceTree = "<group>";
		};
		744D7BBE251B10D900A4BAFB /* View */ = {
			isa = PBXGroup;
			children = (
				744D7BBF251B115500A4BAFB /* RecipeCell.swift */,
				744D7BC0251B115500A4BAFB /* RecipeCell.xib */,
				744D7BCF2521E13400A4BAFB /* UIImageViewExtension.swift */,
			);
			path = View;
			sourceTree = "<group>";
		};
		744D7BC5251F6C1900A4BAFB /* Controllers */ = {
			isa = PBXGroup;
			children = (
				744D7BC8251F6C9500A4BAFB /* RecipeListViewController.swift */,
			);
			path = Controllers;
			sourceTree = "<group>";
		};
		744D7BCC252186BF00A4BAFB /* Model */ = {
			isa = PBXGroup;
			children = (
				744D7BCD2521871500A4BAFB /* RecipeData.swift */,
			);
			path = Model;
			sourceTree = "<group>";
		};
/* End PBXGroup section */

/* Begin PBXNativeTarget section */
		744D7BA62519FC7800A4BAFB /* ryori-kiroku-album */ = {
			isa = PBXNativeTarget;
			buildConfigurationList = 744D7BBB2519FC7B00A4BAFB /* Build configuration list for PBXNativeTarget "ryori-kiroku-album" */;
			buildPhases = (
				7C846A01F6B81D2CBA31440B /* [CP] Check Pods Manifest.lock */,
				744D7BA32519FC7800A4BAFB /* Sources */,
				744D7BA42519FC7800A4BAFB /* Frameworks */,
				744D7BA52519FC7800A4BAFB /* Resources */,
				8A589E3779A1A21124425D0C /* [CP] Embed Pods Frameworks */,
			);
			buildRules = (
			);
			dependencies = (
			);
			name = "ryori-kiroku-album";
			productName = "ryori-kiroku-album";
			productReference = 744D7BA72519FC7800A4BAFB /* ryori-kiroku-album.app */;
			productType = "com.apple.product-type.application";
		};
/* End PBXNativeTarget section */

/* Begin PBXProject section */
		744D7B9F2519FC7800A4BAFB /* Project object */ = {
			isa = PBXProject;
			attributes = {
				LastSwiftUpdateCheck = 1140;
				LastUpgradeCheck = 1140;
				ORGANIZATIONNAME = "Yuya Harada";
				TargetAttributes = {
					744D7BA62519FC7800A4BAFB = {
						CreatedOnToolsVersion = 11.4.1;
					};
				};
			};
			buildConfigurationList = 744D7BA22519FC7800A4BAFB /* Build configuration list for PBXProject "ryori-kiroku-album" */;
			compatibilityVersion = "Xcode 9.3";
			developmentRegion = en;
			hasScannedForEncodings = 0;
			knownRegions = (
				en,
				Base,
			);
			mainGroup = 744D7B9E2519FC7800A4BAFB;
			productRefGroup = 744D7BA82519FC7800A4BAFB /* Products */;
			projectDirPath = "";
			projectRoot = "";
			targets = (
				744D7BA62519FC7800A4BAFB /* ryori-kiroku-album */,
			);
		};
/* End PBXProject section */

/* Begin PBXResourcesBuildPhase section */
		744D7BA52519FC7800A4BAFB /* Resources */ = {
			isa = PBXResourcesBuildPhase;
			buildActionMask = 2147483647;
			files = (
				744D7BB72519FC7B00A4BAFB /* LaunchScreen.storyboard in Resources */,
				744D7BB42519FC7B00A4BAFB /* Assets.xcassets in Resources */,
				744D7BB22519FC7800A4BAFB /* Main.storyboard in Resources */,
				744D7BC2251B115500A4BAFB /* RecipeCell.xib in Resources */,
			);
			runOnlyForDeploymentPostprocessing = 0;
		};
/* End PBXResourcesBuildPhase section */

/* Begin PBXShellScriptBuildPhase section */
		7C846A01F6B81D2CBA31440B /* [CP] Check Pods Manifest.lock */ = {
			isa = PBXShellScriptBuildPhase;
			buildActionMask = 2147483647;
			files = (
			);
			inputFileListPaths = (
			);
			inputPaths = (
				"${PODS_PODFILE_DIR_PATH}/Podfile.lock",
				"${PODS_ROOT}/Manifest.lock",
			);
			name = "[CP] Check Pods Manifest.lock";
			outputFileListPaths = (
			);
			outputPaths = (
				"$(DERIVED_FILE_DIR)/Pods-ryori-kiroku-album-checkManifestLockResult.txt",
			);
			runOnlyForDeploymentPostprocessing = 0;
			shellPath = /bin/sh;
			shellScript = "diff \"${PODS_PODFILE_DIR_PATH}/Podfile.lock\" \"${PODS_ROOT}/Manifest.lock\" > /dev/null\nif [ $? != 0 ] ; then\n    # print error to STDERR\n    echo \"error: The sandbox is not in sync with the Podfile.lock. Run 'pod install' or update your CocoaPods installation.\" >&2\n    exit 1\nfi\n# This output is used by Xcode 'outputs' to avoid re-running this script phase.\necho \"SUCCESS\" > \"${SCRIPT_OUTPUT_FILE_0}\"\n";
			showEnvVarsInLog = 0;
		};
		8A589E3779A1A21124425D0C /* [CP] Embed Pods Frameworks */ = {
			isa = PBXShellScriptBuildPhase;
			buildActionMask = 2147483647;
			files = (
			);
			inputFileListPaths = (
				"${PODS_ROOT}/Target Support Files/Pods-ryori-kiroku-album/Pods-ryori-kiroku-album-frameworks-${CONFIGURATION}-input-files.xcfilelist",
			);
			name = "[CP] Embed Pods Frameworks";
			outputFileListPaths = (
				"${PODS_ROOT}/Target Support Files/Pods-ryori-kiroku-album/Pods-ryori-kiroku-album-frameworks-${CONFIGURATION}-output-files.xcfilelist",
			);
			runOnlyForDeploymentPostprocessing = 0;
			shellPath = /bin/sh;
			shellScript = "\"${PODS_ROOT}/Target Support Files/Pods-ryori-kiroku-album/Pods-ryori-kiroku-album-frameworks.sh\"\n";
			showEnvVarsInLog = 0;
		};
/* End PBXShellScriptBuildPhase section */

/* Begin PBXSourcesBuildPhase section */
		744D7BA32519FC7800A4BAFB /* Sources */ = {
			isa = PBXSourcesBuildPhase;
			buildActionMask = 2147483647;
			files = (
				744D7BCB2520D69500A4BAFB /* Constants.swift in Sources */,
				744D7BD02521E13400A4BAFB /* UIImageViewExtension.swift in Sources */,
				744D7BC9251F6C9500A4BAFB /* RecipeListViewController.swift in Sources */,
				744D7BC1251B115500A4BAFB /* RecipeCell.swift in Sources */,
				744D7BCE2521871500A4BAFB /* RecipeData.swift in Sources */,
				744D7BAB2519FC7800A4BAFB /* AppDelegate.swift in Sources */,
				744D7BAD2519FC7800A4BAFB /* SceneDelegate.swift in Sources */,
			);
			runOnlyForDeploymentPostprocessing = 0;
		};
/* End PBXSourcesBuildPhase section */

/* Begin PBXVariantGroup section */
		744D7BB02519FC7800A4BAFB /* Main.storyboard */ = {
			isa = PBXVariantGroup;
			children = (
				744D7BB12519FC7800A4BAFB /* Base */,
			);
			name = Main.storyboard;
			sourceTree = "<group>";
		};
		744D7BB52519FC7B00A4BAFB /* LaunchScreen.storyboard */ = {
			isa = PBXVariantGroup;
			children = (
				744D7BB62519FC7B00A4BAFB /* Base */,
			);
			name = LaunchScreen.storyboard;
			sourceTree = "<group>";
		};
/* End PBXVariantGroup section */

/* Begin XCBuildConfiguration section */
		744D7BB92519FC7B00A4BAFB /* Debug */ = {
			isa = XCBuildConfiguration;
			buildSettings = {
				ALWAYS_SEARCH_USER_PATHS = NO;
				CLANG_ANALYZER_NONNULL = YES;
				CLANG_ANALYZER_NUMBER_OBJECT_CONVERSION = YES_AGGRESSIVE;
				CLANG_CXX_LANGUAGE_STANDARD = "gnu++14";
				CLANG_CXX_LIBRARY = "libc++";
				CLANG_ENABLE_MODULES = YES;
				CLANG_ENABLE_OBJC_ARC = YES;
				CLANG_ENABLE_OBJC_WEAK = YES;
				CLANG_WARN_BLOCK_CAPTURE_AUTORELEASING = YES;
				CLANG_WARN_BOOL_CONVERSION = YES;
				CLANG_WARN_COMMA = YES;
				CLANG_WARN_CONSTANT_CONVERSION = YES;
				CLANG_WARN_DEPRECATED_OBJC_IMPLEMENTATIONS = YES;
				CLANG_WARN_DIRECT_OBJC_ISA_USAGE = YES_ERROR;
				CLANG_WARN_DOCUMENTATION_COMMENTS = YES;
				CLANG_WARN_EMPTY_BODY = YES;
				CLANG_WARN_ENUM_CONVERSION = YES;
				CLANG_WARN_INFINITE_RECURSION = YES;
				CLANG_WARN_INT_CONVERSION = YES;
				CLANG_WARN_NON_LITERAL_NULL_CONVERSION = YES;
				CLANG_WARN_OBJC_IMPLICIT_RETAIN_SELF = YES;
				CLANG_WARN_OBJC_LITERAL_CONVERSION = YES;
				CLANG_WARN_OBJC_ROOT_CLASS = YES_ERROR;
				CLANG_WARN_RANGE_LOOP_ANALYSIS = YES;
				CLANG_WARN_STRICT_PROTOTYPES = YES;
				CLANG_WARN_SUSPICIOUS_MOVE = YES;
				CLANG_WARN_UNGUARDED_AVAILABILITY = YES_AGGRESSIVE;
				CLANG_WARN_UNREACHABLE_CODE = YES;
				CLANG_WARN__DUPLICATE_METHOD_MATCH = YES;
				COPY_PHASE_STRIP = NO;
				DEBUG_INFORMATION_FORMAT = dwarf;
				ENABLE_STRICT_OBJC_MSGSEND = YES;
				ENABLE_TESTABILITY = YES;
				GCC_C_LANGUAGE_STANDARD = gnu11;
				GCC_DYNAMIC_NO_PIC = NO;
				GCC_NO_COMMON_BLOCKS = YES;
				GCC_OPTIMIZATION_LEVEL = 0;
				GCC_PREPROCESSOR_DEFINITIONS = (
					"DEBUG=1",
					"$(inherited)",
				);
				GCC_WARN_64_TO_32_BIT_CONVERSION = YES;
				GCC_WARN_ABOUT_RETURN_TYPE = YES_ERROR;
				GCC_WARN_UNDECLARED_SELECTOR = YES;
				GCC_WARN_UNINITIALIZED_AUTOS = YES_AGGRESSIVE;
				GCC_WARN_UNUSED_FUNCTION = YES;
				GCC_WARN_UNUSED_VARIABLE = YES;
				IPHONEOS_DEPLOYMENT_TARGET = 13.4;
				MTL_ENABLE_DEBUG_INFO = INCLUDE_SOURCE;
				MTL_FAST_MATH = YES;
				ONLY_ACTIVE_ARCH = YES;
				SDKROOT = iphoneos;
				SWIFT_ACTIVE_COMPILATION_CONDITIONS = DEBUG;
				SWIFT_OPTIMIZATION_LEVEL = "-Onone";
			};
			name = Debug;
		};
		744D7BBA2519FC7B00A4BAFB /* Release */ = {
			isa = XCBuildConfiguration;
			buildSettings = {
				ALWAYS_SEARCH_USER_PATHS = NO;
				CLANG_ANALYZER_NONNULL = YES;
				CLANG_ANALYZER_NUMBER_OBJECT_CONVERSION = YES_AGGRESSIVE;
				CLANG_CXX_LANGUAGE_STANDARD = "gnu++14";
				CLANG_CXX_LIBRARY = "libc++";
				CLANG_ENABLE_MODULES = YES;
				CLANG_ENABLE_OBJC_ARC = YES;
				CLANG_ENABLE_OBJC_WEAK = YES;
				CLANG_WARN_BLOCK_CAPTURE_AUTORELEASING = YES;
				CLANG_WARN_BOOL_CONVERSION = YES;
				CLANG_WARN_COMMA = YES;
				CLANG_WARN_CONSTANT_CONVERSION = YES;
				CLANG_WARN_DEPRECATED_OBJC_IMPLEMENTATIONS = YES;
				CLANG_WARN_DIRECT_OBJC_ISA_USAGE = YES_ERROR;
				CLANG_WARN_DOCUMENTATION_COMMENTS = YES;
				CLANG_WARN_EMPTY_BODY = YES;
				CLANG_WARN_ENUM_CONVERSION = YES;
				CLANG_WARN_INFINITE_RECURSION = YES;
				CLANG_WARN_INT_CONVERSION = YES;
				CLANG_WARN_NON_LITERAL_NULL_CONVERSION = YES;
				CLANG_WARN_OBJC_IMPLICIT_RETAIN_SELF = YES;
				CLANG_WARN_OBJC_LITERAL_CONVERSION = YES;
				CLANG_WARN_OBJC_ROOT_CLASS = YES_ERROR;
				CLANG_WARN_RANGE_LOOP_ANALYSIS = YES;
				CLANG_WARN_STRICT_PROTOTYPES = YES;
				CLANG_WARN_SUSPICIOUS_MOVE = YES;
				CLANG_WARN_UNGUARDED_AVAILABILITY = YES_AGGRESSIVE;
				CLANG_WARN_UNREACHABLE_CODE = YES;
				CLANG_WARN__DUPLICATE_METHOD_MATCH = YES;
				COPY_PHASE_STRIP = NO;
				DEBUG_INFORMATION_FORMAT = "dwarf-with-dsym";
				ENABLE_NS_ASSERTIONS = NO;
				ENABLE_STRICT_OBJC_MSGSEND = YES;
				GCC_C_LANGUAGE_STANDARD = gnu11;
				GCC_NO_COMMON_BLOCKS = YES;
				GCC_WARN_64_TO_32_BIT_CONVERSION = YES;
				GCC_WARN_ABOUT_RETURN_TYPE = YES_ERROR;
				GCC_WARN_UNDECLARED_SELECTOR = YES;
				GCC_WARN_UNINITIALIZED_AUTOS = YES_AGGRESSIVE;
				GCC_WARN_UNUSED_FUNCTION = YES;
				GCC_WARN_UNUSED_VARIABLE = YES;
				IPHONEOS_DEPLOYMENT_TARGET = 13.4;
				MTL_ENABLE_DEBUG_INFO = NO;
				MTL_FAST_MATH = YES;
				SDKROOT = iphoneos;
				SWIFT_COMPILATION_MODE = wholemodule;
				SWIFT_OPTIMIZATION_LEVEL = "-O";
				VALIDATE_PRODUCT = YES;
			};
			name = Release;
		};
		744D7BBC2519FC7B00A4BAFB /* Debug */ = {
			isa = XCBuildConfiguration;
			baseConfigurationReference = A6943616DF96DB0C42A5FF3F /* Pods-ryori-kiroku-album.debug.xcconfig */;
			buildSettings = {
				ASSETCATALOG_COMPILER_APPICON_NAME = AppIcon;
				CODE_SIGN_STYLE = Automatic;
				DEVELOPMENT_TEAM = QH2TRFJ5GF;
				INFOPLIST_FILE = "ryori-kiroku-album/Info.plist";
				LD_RUNPATH_SEARCH_PATHS = (
					"$(inherited)",
					"@executable_path/Frameworks",
				);
				PRODUCT_BUNDLE_IDENTIFIER = "com.yuyaharada.ryori-kiroku-album";
				PRODUCT_NAME = "$(TARGET_NAME)";
				SWIFT_VERSION = 5.0;
				TARGETED_DEVICE_FAMILY = "1,2";
			};
			name = Debug;
		};
		744D7BBD2519FC7B00A4BAFB /* Release */ = {
			isa = XCBuildConfiguration;
			baseConfigurationReference = 06C37EEA4A790FB8A5A26108 /* Pods-ryori-kiroku-album.release.xcconfig */;
			buildSettings = {
				ASSETCATALOG_COMPILER_APPICON_NAME = AppIcon;
				CODE_SIGN_STYLE = Automatic;
				DEVELOPMENT_TEAM = QH2TRFJ5GF;
				INFOPLIST_FILE = "ryori-kiroku-album/Info.plist";
				LD_RUNPATH_SEARCH_PATHS = (
					"$(inherited)",
					"@executable_path/Frameworks",
				);
				PRODUCT_BUNDLE_IDENTIFIER = "com.yuyaharada.ryori-kiroku-album";
				PRODUCT_NAME = "$(TARGET_NAME)";
				SWIFT_VERSION = 5.0;
				TARGETED_DEVICE_FAMILY = "1,2";
			};
			name = Release;
		};
/* End XCBuildConfiguration section */

/* Begin XCConfigurationList section */
		744D7BA22519FC7800A4BAFB /* Build configuration list for PBXProject "ryori-kiroku-album" */ = {
			isa = XCConfigurationList;
			buildConfigurations = (
				744D7BB92519FC7B00A4BAFB /* Debug */,
				744D7BBA2519FC7B00A4BAFB /* Release */,
			);
			defaultConfigurationIsVisible = 0;
			defaultConfigurationName = Release;
		};
		744D7BBB2519FC7B00A4BAFB /* Build configuration list for PBXNativeTarget "ryori-kiroku-album" */ = {
			isa = XCConfigurationList;
			buildConfigurations = (
				744D7BBC2519FC7B00A4BAFB /* Debug */,
				744D7BBD2519FC7B00A4BAFB /* Release */,
			);
			defaultConfigurationIsVisible = 0;
			defaultConfigurationName = Release;
		};
/* End XCConfigurationList section */
	};
	rootObject = 744D7B9F2519FC7800A4BAFB /* Project object */;
}
